// !$*UTF8*$!
{
	archiveVersion = 1;
	classes = {
	};
	objectVersion = 77;
	objects = {

/* Begin PBXBuildFile section */
		6F40F12E2E490968009BE8DA /* GoogleSignIn in Frameworks */ = {isa = PBXBuildFile; productRef = 6F40F12D2E490968009BE8DA /* GoogleSignIn */; };
		6F40F1312E490970009BE8DA /* GoogleSignInSwift in Frameworks */ = {isa = PBXBuildFile; productRef = 6F40F1302E490970009BE8DA /* GoogleSignInSwift */; };
		6F6A48272E910C1800CC8601 /* Lottie in Frameworks */ = {isa = PBXBuildFile; productRef = 6F6A48262E910C1800CC8601 /* Lottie */; };
		6F9B833B2E4B8D1A00BAE046 /* FirebaseAI in Frameworks */ = {isa = PBXBuildFile; productRef = 6F9B833A2E4B8D1A00BAE046 /* FirebaseAI */; };
		6F9B833D2E4B8D1A00BAE046 /* FirebaseAnalytics in Frameworks */ = {isa = PBXBuildFile; productRef = 6F9B833C2E4B8D1A00BAE046 /* FirebaseAnalytics */; };
		6F9B833F2E4B8D1A00BAE046 /* FirebaseAnalyticsCore in Frameworks */ = {isa = PBXBuildFile; productRef = 6F9B833E2E4B8D1A00BAE046 /* FirebaseAnalyticsCore */; };
		6F9B83412E4B8D1A00BAE046 /* FirebaseAuth in Frameworks */ = {isa = PBXBuildFile; productRef = 6F9B83402E4B8D1A00BAE046 /* FirebaseAuth */; };
		6F9B83432E4B8D1A00BAE046 /* FirebaseAuthCombine-Community in Frameworks */ = {isa = PBXBuildFile; productRef = 6F9B83422E4B8D1A00BAE046 /* FirebaseAuthCombine-Community */; };
		6F9B83452E4B8D1A00BAE046 /* FirebaseCore in Frameworks */ = {isa = PBXBuildFile; productRef = 6F9B83442E4B8D1A00BAE046 /* FirebaseCore */; };
		6F9B83472E4B8D1A00BAE046 /* FirebaseDatabase in Frameworks */ = {isa = PBXBuildFile; productRef = 6F9B83462E4B8D1A00BAE046 /* FirebaseDatabase */; };
		6F9B83492E4B8D1A00BAE046 /* FirebaseFirestore in Frameworks */ = {isa = PBXBuildFile; productRef = 6F9B83482E4B8D1A00BAE046 /* FirebaseFirestore */; };
		6F9B834B2E4B8D1A00BAE046 /* FirebaseFirestoreCombine-Community in Frameworks */ = {isa = PBXBuildFile; productRef = 6F9B834A2E4B8D1A00BAE046 /* FirebaseFirestoreCombine-Community */; };
		6F9B834D2E4B8D1A00BAE046 /* FirebaseFunctions in Frameworks */ = {isa = PBXBuildFile; productRef = 6F9B834C2E4B8D1A00BAE046 /* FirebaseFunctions */; };
		6F9B834F2E4B8D1A00BAE046 /* FirebaseInstallations in Frameworks */ = {isa = PBXBuildFile; productRef = 6F9B834E2E4B8D1A00BAE046 /* FirebaseInstallations */; };
		6F9B83512E4B8D1A00BAE046 /* FirebaseRemoteConfig in Frameworks */ = {isa = PBXBuildFile; productRef = 6F9B83502E4B8D1A00BAE046 /* FirebaseRemoteConfig */; };
		6F9B83532E4B8D1A00BAE046 /* FirebaseStorage in Frameworks */ = {isa = PBXBuildFile; productRef = 6F9B83522E4B8D1A00BAE046 /* FirebaseStorage */; };
		6F9B83552E4B8D1A00BAE046 /* FirebaseStorageCombine-Community in Frameworks */ = {isa = PBXBuildFile; productRef = 6F9B83542E4B8D1A00BAE046 /* FirebaseStorageCombine-Community */; };
		E1E1E1F2E490968009BE8DA /* .env in Resources */ = {isa = PBXBuildFile; fileRef = E1E1E1E12E47740000FB2790 /* .env */; };
/* End PBXBuildFile section */

/* Begin PBXContainerItemProxy section */
		6F21E4DB2E47740200FB2790 /* PBXContainerItemProxy */ = {
			isa = PBXContainerItemProxy;
			containerPortal = 6F21E4C52E4773FF00FB2790 /* Project object */;
			proxyType = 1;
			remoteGlobalIDString = 6F21E4CC2E4773FF00FB2790;
			remoteInfo = Agrisense;
		};
		6F21E4E52E47740200FB2790 /* PBXContainerItemProxy */ = {
			isa = PBXContainerItemProxy;
			containerPortal = 6F21E4C52E4773FF00FB2790 /* Project object */;
			proxyType = 1;
			remoteGlobalIDString = 6F21E4CC2E4773FF00FB2790;
			remoteInfo = Agrisense;
		};
/* End PBXContainerItemProxy section */

/* Begin PBXFileReference section */
		6F21E4CD2E47740000FB2790 /* Agrisense.app */ = {isa = PBXFileReference; explicitFileType = wrapper.application; includeInIndex = 0; path = Agrisense.app; sourceTree = BUILT_PRODUCTS_DIR; };
		6F21E4DA2E47740200FB2790 /* AgrisenseTests.xctest */ = {isa = PBXFileReference; explicitFileType = wrapper.cfbundle; includeInIndex = 0; path = AgrisenseTests.xctest; sourceTree = BUILT_PRODUCTS_DIR; };
		6F21E4E42E47740200FB2790 /* AgrisenseUITests.xctest */ = {isa = PBXFileReference; explicitFileType = wrapper.cfbundle; includeInIndex = 0; path = AgrisenseUITests.xctest; sourceTree = BUILT_PRODUCTS_DIR; };
		E1E1E1E12E47740000FB2790 /* .env */ = {isa = PBXFileReference; lastKnownFileType = text; path = .env; sourceTree = "<group>"; };
/* End PBXFileReference section */

/* Begin PBXFileSystemSynchronizedBuildFileExceptionSet section */
		6F40F1272E490478009BE8DA /* Exceptions for "Agrisense" folder in "Agrisense" target */ = {
			isa = PBXFileSystemSynchronizedBuildFileExceptionSet;
			membershipExceptions = (
				Info.plist,
			);
			target = 6F21E4CC2E4773FF00FB2790 /* Agrisense */;
		};
/* End PBXFileSystemSynchronizedBuildFileExceptionSet section */

/* Begin PBXFileSystemSynchronizedRootGroup section */
		6F21E4CF2E47740000FB2790 /* Agrisense */ = {
			isa = PBXFileSystemSynchronizedRootGroup;
			exceptions = (
				6F40F1272E490478009BE8DA /* Exceptions for "Agrisense" folder in "Agrisense" target */,
			);
			path = Agrisense;
			sourceTree = "<group>";
		};
		6F21E4DD2E47740200FB2790 /* AgrisenseTests */ = {
			isa = PBXFileSystemSynchronizedRootGroup;
			path = AgrisenseTests;
			sourceTree = "<group>";
		};
		6F21E4E72E47740200FB2790 /* AgrisenseUITests */ = {
			isa = PBXFileSystemSynchronizedRootGroup;
			path = AgrisenseUITests;
			sourceTree = "<group>";
		};
/* End PBXFileSystemSynchronizedRootGroup section */

/* Begin PBXFrameworksBuildPhase section */
		6F21E4CA2E4773FF00FB2790 /* Frameworks */ = {
			isa = PBXFrameworksBuildPhase;
			buildActionMask = 2147483647;
			files = (
				6F40F12E2E490968009BE8DA /* GoogleSignIn in Frameworks */,
				6F40F1312E490970009BE8DA /* GoogleSignInSwift in Frameworks */,
				6F9B83432E4B8D1A00BAE046 /* FirebaseAuthCombine-Community in Frameworks */,
				6F9B83412E4B8D1A00BAE046 /* FirebaseAuth in Frameworks */,
				6F9B834F2E4B8D1A00BAE046 /* FirebaseInstallations in Frameworks */,
				6F9B834B2E4B8D1A00BAE046 /* FirebaseFirestoreCombine-Community in Frameworks */,
				6F6A48272E910C1800CC8601 /* Lottie in Frameworks */,
				6F9B833B2E4B8D1A00BAE046 /* FirebaseAI in Frameworks */,
				6F9B83452E4B8D1A00BAE046 /* FirebaseCore in Frameworks */,
				6F9B83552E4B8D1A00BAE046 /* FirebaseStorageCombine-Community in Frameworks */,
				6F9B83492E4B8D1A00BAE046 /* FirebaseFirestore in Frameworks */,
				6F9B833D2E4B8D1A00BAE046 /* FirebaseAnalytics in Frameworks */,
				6F9B83472E4B8D1A00BAE046 /* FirebaseDatabase in Frameworks */,
				6F9B83512E4B8D1A00BAE046 /* FirebaseRemoteConfig in Frameworks */,
				6F9B83532E4B8D1A00BAE046 /* FirebaseStorage in Frameworks */,
				6F9B834D2E4B8D1A00BAE046 /* FirebaseFunctions in Frameworks */,
				6F9B833F2E4B8D1A00BAE046 /* FirebaseAnalyticsCore in Frameworks */,
			);
			runOnlyForDeploymentPostprocessing = 0;
		};
		6F21E4D72E47740200FB2790 /* Frameworks */ = {
			isa = PBXFrameworksBuildPhase;
			buildActionMask = 2147483647;
			files = (
			);
			runOnlyForDeploymentPostprocessing = 0;
		};
		6F21E4E12E47740200FB2790 /* Frameworks */ = {
			isa = PBXFrameworksBuildPhase;
			buildActionMask = 2147483647;
			files = (
			);
			runOnlyForDeploymentPostprocessing = 0;
		};
/* End PBXFrameworksBuildPhase section */

/* Begin PBXGroup section */
		6F21E4C42E4773FF00FB2790 = {
			isa = PBXGroup;
			children = (
				6F21E4CF2E47740000FB2790 /* Agrisense */,
				6F21E4DD2E47740200FB2790 /* AgrisenseTests */,
				6F21E4E72E47740200FB2790 /* AgrisenseUITests */,
				6F436D082E48E4520055717D /* Frameworks */,
				6F21E4CE2E47740000FB2790 /* Products */,
				6FDA2A3E2E8F828F00F91390 /* Recovered References */,
			);
			sourceTree = "<group>";
		};
		6F21E4CE2E47740000FB2790 /* Products */ = {
			isa = PBXGroup;
			children = (
				6F21E4CD2E47740000FB2790 /* Agrisense.app */,
				6F21E4DA2E47740200FB2790 /* AgrisenseTests.xctest */,
				6F21E4E42E47740200FB2790 /* AgrisenseUITests.xctest */,
			);
			name = Products;
			sourceTree = "<group>";
		};
		6F436D082E48E4520055717D /* Frameworks */ = {
			isa = PBXGroup;
			children = (
			);
			name = Frameworks;
			sourceTree = "<group>";
		};
		6FDA2A3E2E8F828F00F91390 /* Recovered References */ = {
			isa = PBXGroup;
			children = (
				E1E1E1E12E47740000FB2790 /* .env */,
			);
			name = "Recovered References";
			sourceTree = "<group>";
		};
/* End PBXGroup section */

/* Begin PBXNativeTarget section */
		6F21E4CC2E4773FF00FB2790 /* Agrisense */ = {
			isa = PBXNativeTarget;
			buildConfigurationList = 6F21E4EE2E47740200FB2790 /* Build configuration list for PBXNativeTarget "Agrisense" */;
			buildPhases = (
				6F21E4C92E4773FF00FB2790 /* Sources */,
				6F21E4CA2E4773FF00FB2790 /* Frameworks */,
				6F21E4CB2E4773FF00FB2790 /* Resources */,
			);
			buildRules = (
			);
			dependencies = (
			);
			fileSystemSynchronizedGroups = (
				6F21E4CF2E47740000FB2790 /* Agrisense */,
			);
			name = Agrisense;
			packageProductDependencies = (
				6F40F12D2E490968009BE8DA /* GoogleSignIn */,
				6F40F1302E490970009BE8DA /* GoogleSignInSwift */,
				6F9B833A2E4B8D1A00BAE046 /* FirebaseAI */,
				6F9B833C2E4B8D1A00BAE046 /* FirebaseAnalytics */,
				6F9B833E2E4B8D1A00BAE046 /* FirebaseAnalyticsCore */,
				6F9B83402E4B8D1A00BAE046 /* FirebaseAuth */,
				6F9B83422E4B8D1A00BAE046 /* FirebaseAuthCombine-Community */,
				6F9B83442E4B8D1A00BAE046 /* FirebaseCore */,
				6F9B83462E4B8D1A00BAE046 /* FirebaseDatabase */,
				6F9B83482E4B8D1A00BAE046 /* FirebaseFirestore */,
				6F9B834A2E4B8D1A00BAE046 /* FirebaseFirestoreCombine-Community */,
				6F9B834C2E4B8D1A00BAE046 /* FirebaseFunctions */,
				6F9B834E2E4B8D1A00BAE046 /* FirebaseInstallations */,
				6F9B83502E4B8D1A00BAE046 /* FirebaseRemoteConfig */,
				6F9B83522E4B8D1A00BAE046 /* FirebaseStorage */,
				6F9B83542E4B8D1A00BAE046 /* FirebaseStorageCombine-Community */,
				6F6A48262E910C1800CC8601 /* Lottie */,
			);
			productName = Agrisense;
			productReference = 6F21E4CD2E47740000FB2790 /* Agrisense.app */;
			productType = "com.apple.product-type.application";
		};
		6F21E4D92E47740200FB2790 /* AgrisenseTests */ = {
			isa = PBXNativeTarget;
			buildConfigurationList = 6F21E4F12E47740200FB2790 /* Build configuration list for PBXNativeTarget "AgrisenseTests" */;
			buildPhases = (
				6F21E4D62E47740200FB2790 /* Sources */,
				6F21E4D72E47740200FB2790 /* Frameworks */,
				6F21E4D82E47740200FB2790 /* Resources */,
			);
			buildRules = (
			);
			dependencies = (
				6F21E4DC2E47740200FB2790 /* PBXTargetDependency */,
			);
			fileSystemSynchronizedGroups = (
				6F21E4DD2E47740200FB2790 /* AgrisenseTests */,
			);
			name = AgrisenseTests;
			productName = AgrisenseTests;
			productReference = 6F21E4DA2E47740200FB2790 /* AgrisenseTests.xctest */;
			productType = "com.apple.product-type.bundle.unit-test";
		};
		6F21E4E32E47740200FB2790 /* AgrisenseUITests */ = {
			isa = PBXNativeTarget;
			buildConfigurationList = 6F21E4F42E47740200FB2790 /* Build configuration list for PBXNativeTarget "AgrisenseUITests" */;
			buildPhases = (
				6F21E4E02E47740200FB2790 /* Sources */,
				6F21E4E12E47740200FB2790 /* Frameworks */,
				6F21E4E22E47740200FB2790 /* Resources */,
			);
			buildRules = (
			);
			dependencies = (
				6F21E4E62E47740200FB2790 /* PBXTargetDependency */,
			);
			fileSystemSynchronizedGroups = (
				6F21E4E72E47740200FB2790 /* AgrisenseUITests */,
			);
			name = AgrisenseUITests;
			packageProductDependencies = (
			);
			productName = AgrisenseUITests;
			productReference = 6F21E4E42E47740200FB2790 /* AgrisenseUITests.xctest */;
			productType = "com.apple.product-type.bundle.ui-testing";
		};
/* End PBXNativeTarget section */

/* Begin PBXProject section */
		6F21E4C52E4773FF00FB2790 /* Project object */ = {
			isa = PBXProject;
			attributes = {
				BuildIndependentTargetsInParallel = 1;
				LastSwiftUpdateCheck = 1640;
				LastUpgradeCheck = 1640;
				ORGANIZATIONNAME = Atharva;
				TargetAttributes = {
					6F21E4CC2E4773FF00FB2790 = {
						CreatedOnToolsVersion = 16.4;
					};
					6F21E4D92E47740200FB2790 = {
						CreatedOnToolsVersion = 16.4;
						TestTargetID = 6F21E4CC2E4773FF00FB2790;
					};
					6F21E4E32E47740200FB2790 = {
						CreatedOnToolsVersion = 16.4;
						TestTargetID = 6F21E4CC2E4773FF00FB2790;
					};
				};
				XCSchemeManagement = {
					schemeUserState = {
						"Agrisense.xcscheme_^#shared#^_" = {
							isShown = true;
						};
					};
				};
			};
			buildConfigurationList = 6F21E4C82E4773FF00FB2790 /* Build configuration list for PBXProject "Agrisense" */;
			developmentRegion = en;
			hasScannedForEncodings = 0;
			knownRegions = (
				en,
				Base,
				hi,
				bn,
				ta,
				te,
			);
			mainGroup = 6F21E4C42E4773FF00FB2790;
			minimizedProjectReferenceProxies = 1;
			packageReferences = (
				6F40F1282E49051F009BE8DA /* XCRemoteSwiftPackageReference "GoogleSignIn-iOS" */,
				6F9B83392E4B8D1A00BAE046 /* XCRemoteSwiftPackageReference "firebase-ios-sdk" */,
				6F6A45892E90EF6200CC8601 /* XCRemoteSwiftPackageReference "lottie-ios" */,
			);
			preferredProjectObjectVersion = 77;
			productRefGroup = 6F21E4CE2E47740000FB2790 /* Products */;
			projectDirPath = "";
			projectRoot = "";
			targets = (
				6F21E4CC2E4773FF00FB2790 /* Agrisense */,
				6F21E4D92E47740200FB2790 /* AgrisenseTests */,
				6F21E4E32E47740200FB2790 /* AgrisenseUITests */,
			);
		};
/* End PBXProject section */

/* Begin PBXResourcesBuildPhase section */
		6F21E4CB2E4773FF00FB2790 /* Resources */ = {
			isa = PBXResourcesBuildPhase;
			buildActionMask = 2147483647;
			files = (
				E1E1E1F2E490968009BE8DA /* .env in Resources */,
			);
			runOnlyForDeploymentPostprocessing = 0;
		};
		6F21E4D82E47740200FB2790 /* Resources */ = {
			isa = PBXResourcesBuildPhase;
			buildActionMask = 2147483647;
			files = (
			);
			runOnlyForDeploymentPostprocessing = 0;
		};
		6F21E4E22E47740200FB2790 /* Resources */ = {
			isa = PBXResourcesBuildPhase;
			buildActionMask = 2147483647;
			files = (
			);
			runOnlyForDeploymentPostprocessing = 0;
		};
/* End PBXResourcesBuildPhase section */

/* Begin PBXSourcesBuildPhase section */
		6F21E4C92E4773FF00FB2790 /* Sources */ = {
			isa = PBXSourcesBuildPhase;
			buildActionMask = 2147483647;
			files = (
			);
			runOnlyForDeploymentPostprocessing = 0;
		};
		6F21E4D62E47740200FB2790 /* Sources */ = {
			isa = PBXSourcesBuildPhase;
			buildActionMask = 2147483647;
			files = (
			);
			runOnlyForDeploymentPostprocessing = 0;
		};
		6F21E4E02E47740200FB2790 /* Sources */ = {
			isa = PBXSourcesBuildPhase;
			buildActionMask = 2147483647;
			files = (
			);
			runOnlyForDeploymentPostprocessing = 0;
		};
/* End PBXSourcesBuildPhase section */

/* Begin PBXTargetDependency section */
		6F21E4DC2E47740200FB2790 /* PBXTargetDependency */ = {
			isa = PBXTargetDependency;
			target = 6F21E4CC2E4773FF00FB2790 /* Agrisense */;
			targetProxy = 6F21E4DB2E47740200FB2790 /* PBXContainerItemProxy */;
		};
		6F21E4E62E47740200FB2790 /* PBXTargetDependency */ = {
			isa = PBXTargetDependency;
			target = 6F21E4CC2E4773FF00FB2790 /* Agrisense */;
			targetProxy = 6F21E4E52E47740200FB2790 /* PBXContainerItemProxy */;
		};
/* End PBXTargetDependency section */

/* Begin XCBuildConfiguration section */
		6F21E4EC2E47740200FB2790 /* Debug */ = {
			isa = XCBuildConfiguration;
			buildSettings = {
				ALWAYS_SEARCH_USER_PATHS = NO;
				ASSETCATALOG_COMPILER_GENERATE_SWIFT_ASSET_SYMBOL_EXTENSIONS = YES;
				CLANG_ANALYZER_NONNULL = YES;
				CLANG_ANALYZER_NUMBER_OBJECT_CONVERSION = YES_AGGRESSIVE;
				CLANG_CXX_LANGUAGE_STANDARD = "gnu++20";
				CLANG_ENABLE_MODULES = YES;
				CLANG_ENABLE_OBJC_ARC = YES;
				CLANG_ENABLE_OBJC_WEAK = YES;
				CLANG_WARN_BLOCK_CAPTURE_AUTORELEASING = YES;
				CLANG_WARN_BOOL_CONVERSION = YES;
				CLANG_WARN_COMMA = YES;
				CLANG_WARN_CONSTANT_CONVERSION = YES;
				CLANG_WARN_DEPRECATED_OBJC_IMPLEMENTATIONS = YES;
				CLANG_WARN_DIRECT_OBJC_ISA_USAGE = YES_ERROR;
				CLANG_WARN_DOCUMENTATION_COMMENTS = YES;
				CLANG_WARN_EMPTY_BODY = YES;
				CLANG_WARN_ENUM_CONVERSION = YES;
				CLANG_WARN_INFINITE_RECURSION = YES;
				CLANG_WARN_INT_CONVERSION = YES;
				CLANG_WARN_NON_LITERAL_NULL_CONVERSION = YES;
				CLANG_WARN_OBJC_IMPLICIT_RETAIN_SELF = YES;
				CLANG_WARN_OBJC_LITERAL_CONVERSION = YES;
				CLANG_WARN_OBJC_ROOT_CLASS = YES_ERROR;
				CLANG_WARN_QUOTED_INCLUDE_IN_FRAMEWORK_HEADER = YES;
				CLANG_WARN_RANGE_LOOP_ANALYSIS = YES;
				CLANG_WARN_STRICT_PROTOTYPES = YES;
				CLANG_WARN_SUSPICIOUS_MOVE = YES;
				CLANG_WARN_UNGUARDED_AVAILABILITY = YES_AGGRESSIVE;
				CLANG_WARN_UNREACHABLE_CODE = YES;
				CLANG_WARN__DUPLICATE_METHOD_MATCH = YES;
				COPY_PHASE_STRIP = NO;
				DEBUG_INFORMATION_FORMAT = dwarf;
				DEVELOPMENT_TEAM = 4UVWRTJLL7;
				ENABLE_STRICT_OBJC_MSGSEND = YES;
				ENABLE_TESTABILITY = YES;
				ENABLE_USER_SCRIPT_SANDBOXING = YES;
				GCC_C_LANGUAGE_STANDARD = gnu17;
				GCC_DYNAMIC_NO_PIC = NO;
				GCC_NO_COMMON_BLOCKS = YES;
				GCC_OPTIMIZATION_LEVEL = 0;
				GCC_PREPROCESSOR_DEFINITIONS = (
					"DEBUG=1",
					"$(inherited)",
				);
				GCC_WARN_64_TO_32_BIT_CONVERSION = YES;
				GCC_WARN_ABOUT_RETURN_TYPE = YES_ERROR;
				GCC_WARN_UNDECLARED_SELECTOR = YES;
				GCC_WARN_UNINITIALIZED_AUTOS = YES_AGGRESSIVE;
				GCC_WARN_UNUSED_FUNCTION = YES;
				GCC_WARN_UNUSED_VARIABLE = YES;
				IPHONEOS_DEPLOYMENT_TARGET = 18.5;
				LOCALIZATION_PREFERS_STRING_CATALOGS = YES;
				MTL_ENABLE_DEBUG_INFO = INCLUDE_SOURCE;
				MTL_FAST_MATH = YES;
				ONLY_ACTIVE_ARCH = YES;
				SDKROOT = iphoneos;
				SWIFT_ACTIVE_COMPILATION_CONDITIONS = "DEBUG $(inherited)";
				SWIFT_OPTIMIZATION_LEVEL = "-Onone";
			};
			name = Debug;
		};
		6F21E4ED2E47740200FB2790 /* Release */ = {
			isa = XCBuildConfiguration;
			buildSettings = {
				ALWAYS_SEARCH_USER_PATHS = NO;
				ASSETCATALOG_COMPILER_GENERATE_SWIFT_ASSET_SYMBOL_EXTENSIONS = YES;
				CLANG_ANALYZER_NONNULL = YES;
				CLANG_ANALYZER_NUMBER_OBJECT_CONVERSION = YES_AGGRESSIVE;
				CLANG_CXX_LANGUAGE_STANDARD = "gnu++20";
				CLANG_ENABLE_MODULES = YES;
				CLANG_ENABLE_OBJC_ARC = YES;
				CLANG_ENABLE_OBJC_WEAK = YES;
				CLANG_WARN_BLOCK_CAPTURE_AUTORELEASING = YES;
				CLANG_WARN_BOOL_CONVERSION = YES;
				CLANG_WARN_COMMA = YES;
				CLANG_WARN_CONSTANT_CONVERSION = YES;
				CLANG_WARN_DEPRECATED_OBJC_IMPLEMENTATIONS = YES;
				CLANG_WARN_DIRECT_OBJC_ISA_USAGE = YES_ERROR;
				CLANG_WARN_DOCUMENTATION_COMMENTS = YES;
				CLANG_WARN_EMPTY_BODY = YES;
				CLANG_WARN_ENUM_CONVERSION = YES;
				CLANG_WARN_INFINITE_RECURSION = YES;
				CLANG_WARN_INT_CONVERSION = YES;
				CLANG_WARN_NON_LITERAL_NULL_CONVERSION = YES;
				CLANG_WARN_OBJC_IMPLICIT_RETAIN_SELF = YES;
				CLANG_WARN_OBJC_LITERAL_CONVERSION = YES;
				CLANG_WARN_OBJC_ROOT_CLASS = YES_ERROR;
				CLANG_WARN_QUOTED_INCLUDE_IN_FRAMEWORK_HEADER = YES;
				CLANG_WARN_RANGE_LOOP_ANALYSIS = YES;
				CLANG_WARN_STRICT_PROTOTYPES = YES;
				CLANG_WARN_SUSPICIOUS_MOVE = YES;
				CLANG_WARN_UNGUARDED_AVAILABILITY = YES_AGGRESSIVE;
				CLANG_WARN_UNREACHABLE_CODE = YES;
				CLANG_WARN__DUPLICATE_METHOD_MATCH = YES;
				COPY_PHASE_STRIP = NO;
				DEBUG_INFORMATION_FORMAT = "dwarf-with-dsym";
				DEVELOPMENT_TEAM = 4UVWRTJLL7;
				ENABLE_NS_ASSERTIONS = NO;
				ENABLE_STRICT_OBJC_MSGSEND = YES;
				ENABLE_USER_SCRIPT_SANDBOXING = YES;
				GCC_C_LANGUAGE_STANDARD = gnu17;
				GCC_NO_COMMON_BLOCKS = YES;
				GCC_WARN_64_TO_32_BIT_CONVERSION = YES;
				GCC_WARN_ABOUT_RETURN_TYPE = YES_ERROR;
				GCC_WARN_UNDECLARED_SELECTOR = YES;
				GCC_WARN_UNINITIALIZED_AUTOS = YES_AGGRESSIVE;
				GCC_WARN_UNUSED_FUNCTION = YES;
				GCC_WARN_UNUSED_VARIABLE = YES;
				IPHONEOS_DEPLOYMENT_TARGET = 18.5;
				LOCALIZATION_PREFERS_STRING_CATALOGS = YES;
				MTL_ENABLE_DEBUG_INFO = NO;
				MTL_FAST_MATH = YES;
				SDKROOT = iphoneos;
				SWIFT_COMPILATION_MODE = wholemodule;
				VALIDATE_PRODUCT = YES;
			};
			name = Release;
		};
		6F21E4EF2E47740200FB2790 /* Debug */ = {
			isa = XCBuildConfiguration;
			buildSettings = {
				ASSETCATALOG_COMPILER_APPICON_NAME = AppIcon;
				ASSETCATALOG_COMPILER_GLOBAL_ACCENT_COLOR_NAME = AccentColor;
				ASSETCATALOG_COMPILER_INCLUDE_ALL_APPICON_ASSETS = YES;
				CODE_SIGN_IDENTITY = "Apple Development";
				CODE_SIGN_STYLE = Automatic;
				CURRENT_PROJECT_VERSION = 1;
				ENABLE_PREVIEWS = YES;
				GENERATE_INFOPLIST_FILE = YES;
				INFOPLIST_FILE = Agrisense/Info.plist;
				INFOPLIST_KEY_NSCameraUsageDescription = "$(PRODUCT_NAME) This app needs camera to access the live environement for object identification";
				INFOPLIST_KEY_NSLocationWhenInUseUsageDescription = "We need your location to provide you with accurate weather forecasts for your area.";
				INFOPLIST_KEY_NSMicrophoneUsageDescription = "This app needs microphone access to enable voice input for AI assistance.";
				INFOPLIST_KEY_NSPhotoLibraryAddUsageDescription = "This app needs access to save product images to your photo library.";
				INFOPLIST_KEY_NSPhotoLibraryUsageDescription = "This app needs access to your photo library to select product images for your listings.";
				INFOPLIST_KEY_NSSpeechRecognitionUsageDescription = "This app uses speech recognition to convert your voice input to text for AI assistance.";
				INFOPLIST_KEY_NSUserTrackingUsageDescription = "Agrisense uses screen recording to help the AI assistant understand what you're seeing and provide better guidance.";
				INFOPLIST_KEY_UIApplicationSceneManifest_Generation = YES;
				INFOPLIST_KEY_UIApplicationSupportsIndirectInputEvents = YES;
				INFOPLIST_KEY_UILaunchScreen_Generation = YES;
				INFOPLIST_KEY_UISupportedInterfaceOrientations_iPad = "UIInterfaceOrientationPortrait UIInterfaceOrientationPortraitUpsideDown UIInterfaceOrientationLandscapeLeft UIInterfaceOrientationLandscapeRight";
				INFOPLIST_KEY_UISupportedInterfaceOrientations_iPhone = "UIInterfaceOrientationPortrait UIInterfaceOrientationLandscapeLeft UIInterfaceOrientationLandscapeRight";
				IPHONEOS_DEPLOYMENT_TARGET = 18.0;
				LD_RUNPATH_SEARCH_PATHS = (
					"$(inherited)",
					"@executable_path/Frameworks",
				);
				MARKETING_VERSION = 1.0;
				PRODUCT_BUNDLE_IDENTIFIER = com.AgriSense.Agrisense;
				PRODUCT_NAME = "$(TARGET_NAME)";
				PROVISIONING_PROFILE_SPECIFIER = "";
				SWIFT_EMIT_LOC_STRINGS = YES;
				SWIFT_VERSION = 5.0;
				TARGETED_DEVICE_FAMILY = "1,2";
			};
			name = Debug;
		};
		6F21E4F02E47740200FB2790 /* Release */ = {
			isa = XCBuildConfiguration;
			buildSettings = {
				ASSETCATALOG_COMPILER_APPICON_NAME = AppIcon;
				ASSETCATALOG_COMPILER_GLOBAL_ACCENT_COLOR_NAME = AccentColor;
				ASSETCATALOG_COMPILER_INCLUDE_ALL_APPICON_ASSETS = YES;
				CODE_SIGN_IDENTITY = "Apple Development";
				CODE_SIGN_STYLE = Automatic;
				CURRENT_PROJECT_VERSION = 1;
				ENABLE_PREVIEWS = YES;
				GENERATE_INFOPLIST_FILE = YES;
				INFOPLIST_FILE = Agrisense/Info.plist;
				INFOPLIST_KEY_NSCameraUsageDescription = "$(PRODUCT_NAME) This app needs camera to access the live environement for object identification";
				INFOPLIST_KEY_NSLocationWhenInUseUsageDescription = "We need your location to provide you with accurate weather forecasts for your area.";
				INFOPLIST_KEY_NSMicrophoneUsageDescription = "This app needs microphone access to enable voice input for AI assistance.";
				INFOPLIST_KEY_NSPhotoLibraryAddUsageDescription = "This app needs access to save product images to your photo library.";
				INFOPLIST_KEY_NSPhotoLibraryUsageDescription = "This app needs access to your photo library to select product images for your listings.";
				INFOPLIST_KEY_NSSpeechRecognitionUsageDescription = "This app uses speech recognition to convert your voice input to text for AI assistance.";
				INFOPLIST_KEY_NSUserTrackingUsageDescription = "Agrisense uses screen recording to help the AI assistant understand what you're seeing and provide better guidance.";
				INFOPLIST_KEY_UIApplicationSceneManifest_Generation = YES;
				INFOPLIST_KEY_UIApplicationSupportsIndirectInputEvents = YES;
				INFOPLIST_KEY_UILaunchScreen_Generation = YES;
				INFOPLIST_KEY_UISupportedInterfaceOrientations_iPad = "UIInterfaceOrientationPortrait UIInterfaceOrientationPortraitUpsideDown UIInterfaceOrientationLandscapeLeft UIInterfaceOrientationLandscapeRight";
				INFOPLIST_KEY_UISupportedInterfaceOrientations_iPhone = "UIInterfaceOrientationPortrait UIInterfaceOrientationLandscapeLeft UIInterfaceOrientationLandscapeRight";
				IPHONEOS_DEPLOYMENT_TARGET = 18.0;
				LD_RUNPATH_SEARCH_PATHS = (
					"$(inherited)",
					"@executable_path/Frameworks",
				);
				MARKETING_VERSION = 1.0;
				PRODUCT_BUNDLE_IDENTIFIER = com.AgriSense.Agrisense;
				PRODUCT_NAME = "$(TARGET_NAME)";
				PROVISIONING_PROFILE_SPECIFIER = "";
				SWIFT_EMIT_LOC_STRINGS = YES;
				SWIFT_VERSION = 5.0;
				TARGETED_DEVICE_FAMILY = "1,2";
			};
			name = Release;
		};
		6F21E4F22E47740200FB2790 /* Debug */ = {
			isa = XCBuildConfiguration;
			buildSettings = {
				BUNDLE_LOADER = "$(TEST_HOST)";
				CODE_SIGN_STYLE = Automatic;
				CURRENT_PROJECT_VERSION = 1;
				GENERATE_INFOPLIST_FILE = YES;
				IPHONEOS_DEPLOYMENT_TARGET = 18.0;
				MARKETING_VERSION = 1.0;
				PRODUCT_BUNDLE_IDENTIFIER = com.AgriSense.AgrisenseTests;
				PRODUCT_NAME = "$(TARGET_NAME)";
				SWIFT_EMIT_LOC_STRINGS = NO;
				SWIFT_VERSION = 5.0;
				TARGETED_DEVICE_FAMILY = "1,2";
				TEST_HOST = "$(BUILT_PRODUCTS_DIR)/Agrisense.app/$(BUNDLE_EXECUTABLE_FOLDER_PATH)/Agrisense";
			};
			name = Debug;
		};
		6F21E4F32E47740200FB2790 /* Release */ = {
			isa = XCBuildConfiguration;
			buildSettings = {
				BUNDLE_LOADER = "$(TEST_HOST)";
				CODE_SIGN_STYLE = Automatic;
				CURRENT_PROJECT_VERSION = 1;
				GENERATE_INFOPLIST_FILE = YES;
				IPHONEOS_DEPLOYMENT_TARGET = 18.0;
				MARKETING_VERSION = 1.0;
				PRODUCT_BUNDLE_IDENTIFIER = com.AgriSense.AgrisenseTests;
				PRODUCT_NAME = "$(TARGET_NAME)";
				SWIFT_EMIT_LOC_STRINGS = NO;
				SWIFT_VERSION = 5.0;
				TARGETED_DEVICE_FAMILY = "1,2";
				TEST_HOST = "$(BUILT_PRODUCTS_DIR)/Agrisense.app/$(BUNDLE_EXECUTABLE_FOLDER_PATH)/Agrisense";
			};
			name = Release;
		};
		6F21E4F52E47740200FB2790 /* Debug */ = {
			isa = XCBuildConfiguration;
			buildSettings = {
				"CODE_SIGN_IDENTITY[sdk=macosx*]" = "Apple Development";
				CODE_SIGN_STYLE = Automatic;
				CURRENT_PROJECT_VERSION = 1;
				GENERATE_INFOPLIST_FILE = YES;
				IPHONEOS_DEPLOYMENT_TARGET = 18.0;
				MARKETING_VERSION = 1.0;
				PRODUCT_BUNDLE_IDENTIFIER = com.AgriSense.AgrisenseUITests;
				PRODUCT_NAME = "$(TARGET_NAME)";
				SWIFT_EMIT_LOC_STRINGS = NO;
				SWIFT_VERSION = 5.0;
				TARGETED_DEVICE_FAMILY = "1,2";
				TEST_TARGET_NAME = Agrisense;
			};
			name = Debug;
		};
		6F21E4F62E47740200FB2790 /* Release */ = {
			isa = XCBuildConfiguration;
			buildSettings = {
				"CODE_SIGN_IDENTITY[sdk=macosx*]" = "Apple Development";
				CODE_SIGN_STYLE = Automatic;
				CURRENT_PROJECT_VERSION = 1;
				GENERATE_INFOPLIST_FILE = YES;
				IPHONEOS_DEPLOYMENT_TARGET = 18.0;
				MARKETING_VERSION = 1.0;
				PRODUCT_BUNDLE_IDENTIFIER = com.AgriSense.AgrisenseUITests;
				PRODUCT_NAME = "$(TARGET_NAME)";
				SWIFT_EMIT_LOC_STRINGS = NO;
				SWIFT_VERSION = 5.0;
				TARGETED_DEVICE_FAMILY = "1,2";
				TEST_TARGET_NAME = Agrisense;
			};
			name = Release;
		};
/* End XCBuildConfiguration section */

/* Begin XCConfigurationList section */
		6F21E4C82E4773FF00FB2790 /* Build configuration list for PBXProject "Agrisense" */ = {
			isa = XCConfigurationList;
			buildConfigurations = (
				6F21E4EC2E47740200FB2790 /* Debug */,
				6F21E4ED2E47740200FB2790 /* Release */,
			);
			defaultConfigurationIsVisible = 0;
			defaultConfigurationName = Release;
		};
		6F21E4EE2E47740200FB2790 /* Build configuration list for PBXNativeTarget "Agrisense" */ = {
			isa = XCConfigurationList;
			buildConfigurations = (
				6F21E4EF2E47740200FB2790 /* Debug */,
				6F21E4F02E47740200FB2790 /* Release */,
			);
			defaultConfigurationIsVisible = 0;
			defaultConfigurationName = Release;
		};
		6F21E4F12E47740200FB2790 /* Build configuration list for PBXNativeTarget "AgrisenseTests" */ = {
			isa = XCConfigurationList;
			buildConfigurations = (
				6F21E4F22E47740200FB2790 /* Debug */,
				6F21E4F32E47740200FB2790 /* Release */,
			);
			defaultConfigurationIsVisible = 0;
			defaultConfigurationName = Release;
		};
		6F21E4F42E47740200FB2790 /* Build configuration list for PBXNativeTarget "AgrisenseUITests" */ = {
			isa = XCConfigurationList;
			buildConfigurations = (
				6F21E4F52E47740200FB2790 /* Debug */,
				6F21E4F62E47740200FB2790 /* Release */,
			);
			defaultConfigurationIsVisible = 0;
			defaultConfigurationName = Release;
		};
/* End XCConfigurationList section */

/* Begin XCRemoteSwiftPackageReference section */
		6F40F1282E49051F009BE8DA /* XCRemoteSwiftPackageReference "GoogleSignIn-iOS" */ = {
			isa = XCRemoteSwiftPackageReference;
			repositoryURL = "https://github.com/google/GoogleSignIn-iOS";
			requirement = {
				kind = upToNextMajorVersion;
				minimumVersion = 9.0.0;
			};
		};
		6F6A45892E90EF6200CC8601 /* XCRemoteSwiftPackageReference "lottie-ios" */ = {
			isa = XCRemoteSwiftPackageReference;
			repositoryURL = "https://github.com/airbnb/lottie-ios.git";
			requirement = {
				kind = upToNextMajorVersion;
				minimumVersion = 4.5.2;
			};
		};
		6F9B83392E4B8D1A00BAE046 /* XCRemoteSwiftPackageReference "firebase-ios-sdk" */ = {
			isa = XCRemoteSwiftPackageReference;
			repositoryURL = "https://github.com/firebase/firebase-ios-sdk.git";
			requirement = {
				kind = upToNextMajorVersion;
				minimumVersion = 12.1.0;
			};
		};
/* End XCRemoteSwiftPackageReference section */

/* Begin XCSwiftPackageProductDependency section */
		6F40F12D2E490968009BE8DA /* GoogleSignIn */ = {
			isa = XCSwiftPackageProductDependency;
			package = 6F40F1282E49051F009BE8DA /* XCRemoteSwiftPackageReference "GoogleSignIn-iOS" */;
			productName = GoogleSignIn;
		};
		6F40F1302E490970009BE8DA /* GoogleSignInSwift */ = {
			isa = XCSwiftPackageProductDependency;
			package = 6F40F1282E49051F009BE8DA /* XCRemoteSwiftPackageReference "GoogleSignIn-iOS" */;
			productName = GoogleSignInSwift;
		};
		6F6A48262E910C1800CC8601 /* Lottie */ = {
			isa = XCSwiftPackageProductDependency;
			package = 6F6A45892E90EF6200CC8601 /* XCRemoteSwiftPackageReference "lottie-ios" */;
			productName = Lottie;
		};
		6F9B833A2E4B8D1A00BAE046 /* FirebaseAI */ = {
			isa = XCSwiftPackageProductDependency;
			package = 6F9B83392E4B8D1A00BAE046 /* XCRemoteSwiftPackageReference "firebase-ios-sdk" */;
			productName = FirebaseAI;
		};
		6F9B833C2E4B8D1A00BAE046 /* FirebaseAnalytics */ = {
			isa = XCSwiftPackageProductDependency;
			package = 6F9B83392E4B8D1A00BAE046 /* XCRemoteSwiftPackageReference "firebase-ios-sdk" */;
			productName = FirebaseAnalytics;
		};
		6F9B833E2E4B8D1A00BAE046 /* FirebaseAnalyticsCore */ = {
			isa = XCSwiftPackageProductDependency;
			package = 6F9B83392E4B8D1A00BAE046 /* XCRemoteSwiftPackageReference "firebase-ios-sdk" */;
			productName = FirebaseAnalyticsCore;
		};
		6F9B83402E4B8D1A00BAE046 /* FirebaseAuth */ = {
			isa = XCSwiftPackageProductDependency;
			package = 6F9B83392E4B8D1A00BAE046 /* XCRemoteSwiftPackageReference "firebase-ios-sdk" */;
			productName = FirebaseAuth;
		};
		6F9B83422E4B8D1A00BAE046 /* FirebaseAuthCombine-Community */ = {
			isa = XCSwiftPackageProductDependency;
			package = 6F9B83392E4B8D1A00BAE046 /* XCRemoteSwiftPackageReference "firebase-ios-sdk" */;
			productName = "FirebaseAuthCombine-Community";
		};
		6F9B83442E4B8D1A00BAE046 /* FirebaseCore */ = {
			isa = XCSwiftPackageProductDependency;
			package = 6F9B83392E4B8D1A00BAE046 /* XCRemoteSwiftPackageReference "firebase-ios-sdk" */;
			productName = FirebaseCore;
		};
		6F9B83462E4B8D1A00BAE046 /* FirebaseDatabase */ = {
			isa = XCSwiftPackageProductDependency;
			package = 6F9B83392E4B8D1A00BAE046 /* XCRemoteSwiftPackageReference "firebase-ios-sdk" */;
			productName = FirebaseDatabase;
		};
		6F9B83482E4B8D1A00BAE046 /* FirebaseFirestore */ = {
			isa = XCSwiftPackageProductDependency;
			package = 6F9B83392E4B8D1A00BAE046 /* XCRemoteSwiftPackageReference "firebase-ios-sdk" */;
			productName = FirebaseFirestore;
		};
		6F9B834A2E4B8D1A00BAE046 /* FirebaseFirestoreCombine-Community */ = {
			isa = XCSwiftPackageProductDependency;
			package = 6F9B83392E4B8D1A00BAE046 /* XCRemoteSwiftPackageReference "firebase-ios-sdk" */;
			productName = "FirebaseFirestoreCombine-Community";
		};
		6F9B834C2E4B8D1A00BAE046 /* FirebaseFunctions */ = {
			isa = XCSwiftPackageProductDependency;
			package = 6F9B83392E4B8D1A00BAE046 /* XCRemoteSwiftPackageReference "firebase-ios-sdk" */;
			productName = FirebaseFunctions;
		};
		6F9B834E2E4B8D1A00BAE046 /* FirebaseInstallations */ = {
			isa = XCSwiftPackageProductDependency;
			package = 6F9B83392E4B8D1A00BAE046 /* XCRemoteSwiftPackageReference "firebase-ios-sdk" */;
			productName = FirebaseInstallations;
		};
		6F9B83502E4B8D1A00BAE046 /* FirebaseRemoteConfig */ = {
			isa = XCSwiftPackageProductDependency;
			package = 6F9B83392E4B8D1A00BAE046 /* XCRemoteSwiftPackageReference "firebase-ios-sdk" */;
			productName = FirebaseRemoteConfig;
		};
		6F9B83522E4B8D1A00BAE046 /* FirebaseStorage */ = {
			isa = XCSwiftPackageProductDependency;
			package = 6F9B83392E4B8D1A00BAE046 /* XCRemoteSwiftPackageReference "firebase-ios-sdk" */;
			productName = FirebaseStorage;
		};
		6F9B83542E4B8D1A00BAE046 /* FirebaseStorageCombine-Community */ = {
			isa = XCSwiftPackageProductDependency;
			package = 6F9B83392E4B8D1A00BAE046 /* XCRemoteSwiftPackageReference "firebase-ios-sdk" */;
			productName = "FirebaseStorageCombine-Community";
		};
/* End XCSwiftPackageProductDependency section */
	};
	rootObject = 6F21E4C52E4773FF00FB2790 /* Project object */;
}
